
Microsoft Visual Studio Solution File, Format Version 12.00
# Visual Studio Version 17
VisualStudioVersion = 17.5.33502.453
MinimumVisualStudioVersion = 10.0.40219.1
Project("{FAE04EC0-301F-11D3-BF4B-00C04F79EFBC}") = "CommonLibrary", "CommonLibrary.csproj", "{DE642C9E-36F3-4AE4-A703-67F9C8D8407E}"
EndProject
Global
	GlobalSection(SolutionConfigurationPlatforms) = preSolution
		Debug|Any CPU = Debug|Any CPU
		Release|Any CPU = Release|Any CPU
	EndGlobalSection
	GlobalSection(ProjectConfigurationPlatforms) = postSolution
		{DE642C9E-36F3-4AE4-A703-67F9C8D8407E}.Debug|Any CPU.ActiveCfg = Debug|Any CPU
		{DE642C9E-36F3-4AE4-A703-67F9C8D8407E}.Debug|Any CPU.Build.0 = Debug|Any CPU
		{DE642C9E-36F3-4AE4-A703-67F9C8D8407E}.Release|Any CPU.ActiveCfg = Release|Any CPU
		{DE642C9E-36F3-4AE4-A703-67F9C8D8407E}.Release|Any CPU.Build.0 = Release|Any CPU
	EndGlobalSection
	GlobalSection(SolutionProperties) = preSolution
		HideSolutionNode = FALSE
	EndGlobalSection
	GlobalSection(ExtensibilityGlobals) = postSolution
		SolutionGuid = {66696FA9-3CC1-4974-9ABA-7C4267EA0C88}
	EndGlobalSection
EndGlobal
